
Microsoft Visual Studio Solution File, Format Version 12.00
# Visual Studio Version 17
VisualStudioVersion = 17.0.31903.59
MinimumVisualStudioVersion = 10.0.40219.1
Project("{FAE04EC0-301F-11D3-BF4B-00C04F79EFBC}") = "NetLox", "NetLox\NetLox.csproj", "{79D83F20-FF62-472F-9994-42A3CBAE9A30}"
EndProject
Project("{FAE04EC0-301F-11D3-BF4B-00C04F79EFBC}") = "NetLox.AstClasses.Generators", "NetLox.Expression.Generators\NetLox.AstClasses.Generators.csproj", "{9DA5C848-A6E2-45F6-93D5-1EDED31A02B8}"
EndProject
Global
	GlobalSection(SolutionConfigurationPlatforms) = preSolution
		Debug|Any CPU = Debug|Any CPU
		Release|Any CPU = Release|Any CPU
	EndGlobalSection
	GlobalSection(SolutionProperties) = preSolution
		HideSolutionNode = FALSE
	EndGlobalSection
	GlobalSection(ProjectConfigurationPlatforms) = postSolution
		{79D83F20-FF62-472F-9994-42A3CBAE9A30}.Debug|Any CPU.ActiveCfg = Debug|Any CPU
		{79D83F20-FF62-472F-9994-42A3CBAE9A30}.Debug|Any CPU.Build.0 = Debug|Any CPU
		{79D83F20-FF62-472F-9994-42A3CBAE9A30}.Release|Any CPU.ActiveCfg = Release|Any CPU
		{79D83F20-FF62-472F-9994-42A3CBAE9A30}.Release|Any CPU.Build.0 = Release|Any CPU
		{9DA5C848-A6E2-45F6-93D5-1EDED31A02B8}.Debug|Any CPU.ActiveCfg = Debug|Any CPU
		{9DA5C848-A6E2-45F6-93D5-1EDED31A02B8}.Debug|Any CPU.Build.0 = Debug|Any CPU
		{9DA5C848-A6E2-45F6-93D5-1EDED31A02B8}.Release|Any CPU.ActiveCfg = Release|Any CPU
		{9DA5C848-A6E2-45F6-93D5-1EDED31A02B8}.Release|Any CPU.Build.0 = Release|Any CPU
	EndGlobalSection
EndGlobal
