
Microsoft Visual Studio Solution File, Format Version 12.00
# Visual Studio Version 17
VisualStudioVersion = 17.7.34031.279
MinimumVisualStudioVersion = 10.0.40219.1
Project("{9A19103F-16F7-4668-BE54-9A1E7A4F7556}") = "NetLox", "NetLox.csproj", "{A607A629-F9CB-4BDE-8F65-32061E9CAA47}"
EndProject
Project("{FAE04EC0-301F-11D3-BF4B-00C04F79EFBC}") = "NetLox.AstClasses.Generators", "..\NetLox.Expression.Generators\NetLox.AstClasses.Generators.csproj", "{FF146770-C8A4-4A26-9640-18453D9BF1E5}"
EndProject
Global
	GlobalSection(SolutionConfigurationPlatforms) = preSolution
		Debug|Any CPU = Debug|Any CPU
		Release|Any CPU = Release|Any CPU
	EndGlobalSection
	GlobalSection(ProjectConfigurationPlatforms) = postSolution
		{A607A629-F9CB-4BDE-8F65-32061E9CAA47}.Debug|Any CPU.ActiveCfg = Debug|Any CPU
		{A607A629-F9CB-4BDE-8F65-32061E9CAA47}.Debug|Any CPU.Build.0 = Debug|Any CPU
		{A607A629-F9CB-4BDE-8F65-32061E9CAA47}.Release|Any CPU.ActiveCfg = Release|Any CPU
		{A607A629-F9CB-4BDE-8F65-32061E9CAA47}.Release|Any CPU.Build.0 = Release|Any CPU
		{FF146770-C8A4-4A26-9640-18453D9BF1E5}.Debug|Any CPU.ActiveCfg = Debug|Any CPU
		{FF146770-C8A4-4A26-9640-18453D9BF1E5}.Debug|Any CPU.Build.0 = Debug|Any CPU
		{FF146770-C8A4-4A26-9640-18453D9BF1E5}.Release|Any CPU.ActiveCfg = Release|Any CPU
		{FF146770-C8A4-4A26-9640-18453D9BF1E5}.Release|Any CPU.Build.0 = Release|Any CPU
	EndGlobalSection
	GlobalSection(SolutionProperties) = preSolution
		HideSolutionNode = FALSE
	EndGlobalSection
	GlobalSection(ExtensibilityGlobals) = postSolution
		SolutionGuid = {2ED4CEBB-D475-4633-8623-AD5B309F4754}
	EndGlobalSection
EndGlobal
